
Microsoft Visual Studio Solution File, Format Version 12.00
# Visual Studio Version 16
VisualStudioVersion = 16.0.31829.152
MinimumVisualStudioVersion = 10.0.40219.1
Project("{FAE04EC0-301F-11D3-BF4B-00C04F79EFBC}") = "UcoPruebaTecnica", "UcoPruebaTecnica\UcoPruebaTecnica.csproj", "{60534D76-4C60-42E0-8C26-5D1E18518533}"
EndProject
Global
	GlobalSection(SolutionConfigurationPlatforms) = preSolution
		Debug|Any CPU = Debug|Any CPU
		Release|Any CPU = Release|Any CPU
	EndGlobalSection
	GlobalSection(ProjectConfigurationPlatforms) = postSolution
		{60534D76-4C60-42E0-8C26-5D1E18518533}.Debug|Any CPU.ActiveCfg = Debug|Any CPU
		{60534D76-4C60-42E0-8C26-5D1E18518533}.Debug|Any CPU.Build.0 = Debug|Any CPU
		{60534D76-4C60-42E0-8C26-5D1E18518533}.Release|Any CPU.ActiveCfg = Release|Any CPU
		{60534D76-4C60-42E0-8C26-5D1E18518533}.Release|Any CPU.Build.0 = Release|Any CPU
	EndGlobalSection
	GlobalSection(SolutionProperties) = preSolution
		HideSolutionNode = FALSE
	EndGlobalSection
	GlobalSection(ExtensibilityGlobals) = postSolution
		SolutionGuid = {5B7DE5EC-343F-4E18-B37C-70BF899AFC60}
	EndGlobalSection
EndGlobal
